
Microsoft Visual Studio Solution File, Format Version 12.00
# Visual Studio Version 17
VisualStudioVersion = 17.7.34221.43
MinimumVisualStudioVersion = 10.0.40219.1
Project("{FAE04EC0-301F-11D3-BF4B-00C04F79EFBC}") = "WpfTabuada", "WpfTabuada.csproj", "{CA2BFCCF-264B-4D64-9A91-538CA57E10EF}"
EndProject
Global
	GlobalSection(SolutionConfigurationPlatforms) = preSolution
		Debug|Any CPU = Debug|Any CPU
		Release|Any CPU = Release|Any CPU
	EndGlobalSection
	GlobalSection(ProjectConfigurationPlatforms) = postSolution
		{CA2BFCCF-264B-4D64-9A91-538CA57E10EF}.Debug|Any CPU.ActiveCfg = Debug|Any CPU
		{CA2BFCCF-264B-4D64-9A91-538CA57E10EF}.Debug|Any CPU.Build.0 = Debug|Any CPU
		{CA2BFCCF-264B-4D64-9A91-538CA57E10EF}.Release|Any CPU.ActiveCfg = Release|Any CPU
		{CA2BFCCF-264B-4D64-9A91-538CA57E10EF}.Release|Any CPU.Build.0 = Release|Any CPU
	EndGlobalSection
	GlobalSection(SolutionProperties) = preSolution
		HideSolutionNode = FALSE
	EndGlobalSection
	GlobalSection(ExtensibilityGlobals) = postSolution
		SolutionGuid = {8F820F5A-FF16-48CC-92E6-F29296A38F94}
	EndGlobalSection
EndGlobal
